
Microsoft Visual Studio Solution File, Format Version 12.00
# Visual Studio Version 16
VisualStudioVersion = 16.0.29905.134
MinimumVisualStudioVersion = 10.0.40219.1
Project("{9A19103F-16F7-4668-BE54-9A1E7A4F7556}") = "Gsemac.Collections", "src\Gsemac.Collections\Gsemac.Collections.csproj", "{636CC27A-FC0F-4B62-9F5D-E97BEA8D585D}"
EndProject
Project("{9A19103F-16F7-4668-BE54-9A1E7A4F7556}") = "Gsemac.Win32", "src\Gsemac.Win32\Gsemac.Win32.csproj", "{CC4291DA-1B50-4E9A-A0EC-41D9441DB887}"
EndProject
Project("{9A19103F-16F7-4668-BE54-9A1E7A4F7556}") = "Gsemac.Core", "src\Gsemac.Core\Gsemac.Core.csproj", "{46F3DE15-F452-4EAA-A886-C6BD1CBA7976}"
EndProject
Project("{9A19103F-16F7-4668-BE54-9A1E7A4F7556}") = "Gsemac.IO.Tests", "tests\Gsemac.IO.Tests\Gsemac.IO.Tests.csproj", "{50EC3802-35C1-476C-8AD6-4C7A6AEA7079}"
EndProject
Project("{9A19103F-16F7-4668-BE54-9A1E7A4F7556}") = "Gsemac.Forms", "src\Gsemac.Forms\Gsemac.Forms.csproj", "{E9B26DE4-5B88-40E9-AB7E-43048A965586}"
EndProject
Project("{9A19103F-16F7-4668-BE54-9A1E7A4F7556}") = "Gsemac.Net", "src\Gsemac.Net\Gsemac.Net.csproj", "{3CA61328-87FD-446D-9801-307BFB7A5012}"
EndProject
Project("{2150E333-8FDC-42A3-9474-1A3956D46DE8}") = "src", "src", "{559AE943-A0A6-43B1-ACF0-BE305C5B4FCE}"
EndProject
Project("{2150E333-8FDC-42A3-9474-1A3956D46DE8}") = "tests", "tests", "{742EDB7B-BAAD-43E2-82B6-2ECAA2D28338}"
EndProject
Project("{9A19103F-16F7-4668-BE54-9A1E7A4F7556}") = "Gsemac.IO", "src\Gsemac.IO\Gsemac.IO.csproj", "{97A040D8-3023-44B4-B85B-CC351F44BC92}"
EndProject
Project("{9A19103F-16F7-4668-BE54-9A1E7A4F7556}") = "Gsemac.Drawing", "src\Gsemac.Drawing\Gsemac.Drawing.csproj", "{8014AEC9-1A1C-403F-9030-CDA5BC921D91}"
EndProject
Project("{9A19103F-16F7-4668-BE54-9A1E7A4F7556}") = "Gsemac.Core.Tests", "tests\Gsemac.Core.Tests\Gsemac.Core.Tests.csproj", "{45BBC45F-484A-4473-BEB7-1C9651F42119}"
EndProject
Project("{9A19103F-16F7-4668-BE54-9A1E7A4F7556}") = "Gsemac.Collections.Tests", "tests\Gsemac.Collections.Tests\Gsemac.Collections.Tests.csproj", "{DB17A8E1-9F7A-40F8-8122-88E6EDC49B4D}"
EndProject
Project("{9A19103F-16F7-4668-BE54-9A1E7A4F7556}") = "Gsemac.Reflection", "src\Gsemac.Reflection\Gsemac.Reflection.csproj", "{2A0FF2DC-5815-41F1-A9CC-F4C1C7166637}"
EndProject
Project("{9A19103F-16F7-4668-BE54-9A1E7A4F7556}") = "Gsemac.Net.Tests", "tests\Gsemac.Net.Tests\Gsemac.Net.Tests.csproj", "{D720B6A0-3105-4190-B502-D24EEFE0BB76}"
EndProject
Project("{9A19103F-16F7-4668-BE54-9A1E7A4F7556}") = "Gsemac.Text", "src\Gsemac.Text\Gsemac.Text.csproj", "{214407BF-4C1D-4502-96E6-325FF4A42C8D}"
EndProject
Project("{9A19103F-16F7-4668-BE54-9A1E7A4F7556}") = "Gsemac.Text.Tests", "tests\Gsemac.Text.Tests\Gsemac.Text.Tests.csproj", "{9B9113A6-C103-41BE-89D1-5A8F9CAA0EAD}"
EndProject
Project("{9A19103F-16F7-4668-BE54-9A1E7A4F7556}") = "Gsemac.Drawing.Imaging.WebP", "src\Gsemac.Drawing.Imaging.WebP\Gsemac.Drawing.Imaging.WebP.csproj", "{4B82375A-E75C-4273-8299-473BBE6483C9}"
EndProject
Project("{9A19103F-16F7-4668-BE54-9A1E7A4F7556}") = "Gsemac.Drawing.Imaging.ImageMagick", "src\Gsemac.Drawing.Imaging.ImageMagick\Gsemac.Drawing.Imaging.ImageMagick.csproj", "{19E8B8A5-0372-4268-82DB-8A85F76121C0}"
EndProject
Project("{9A19103F-16F7-4668-BE54-9A1E7A4F7556}") = "Gsemac.Drawing.Imaging.NQuant", "src\Gsemac.Drawing.Imaging.NQuant\Gsemac.Drawing.Imaging.NQuant.csproj", "{FC17F94D-7B7B-4D75-8943-17100BF4E9BA}"
EndProject
Project("{9A19103F-16F7-4668-BE54-9A1E7A4F7556}") = "Gsemac.Net.Curl", "src\Gsemac.Net.Curl\Gsemac.Net.Curl.csproj", "{3D16594C-F474-4E13-8D07-AFA7C8179FEC}"
EndProject
Project("{9A19103F-16F7-4668-BE54-9A1E7A4F7556}") = "Gsemac.Net.WebDrivers", "src\Gsemac.Net.WebDrivers\Gsemac.Net.WebDrivers.csproj", "{35E35039-9336-4B0E-BDD6-380EEFBC3600}"
EndProject
Project("{9A19103F-16F7-4668-BE54-9A1E7A4F7556}") = "Gsemac.Net.WebBrowsers", "src\Gsemac.Net.WebBrowsers\Gsemac.Net.WebBrowsers.csproj", "{EA395B31-78FE-44A0-AD8B-00AAEA028A95}"
EndProject
Project("{9A19103F-16F7-4668-BE54-9A1E7A4F7556}") = "Gsemac.IO.Compression", "src\Gsemac.IO.Compression\Gsemac.IO.Compression.csproj", "{70620B11-DB02-438E-AE6D-0D5F2D2449BE}"
EndProject
Project("{9A19103F-16F7-4668-BE54-9A1E7A4F7556}") = "Gsemac.IO.Compression.SharpCompress", "src\Gsemac.IO.Compression.SharpCompress\Gsemac.IO.Compression.SharpCompress.csproj", "{3FD1BB15-8F3F-448F-89CB-B65E39EAE4FA}"
EndProject
Project("{9A19103F-16F7-4668-BE54-9A1E7A4F7556}") = "Gsemac.Net.GitHub", "src\Gsemac.Net.GitHub\Gsemac.Net.GitHub.csproj", "{72F6D9B7-A0CF-4D20-8CAA-CB89DD9EE47C}"
EndProject
Project("{9A19103F-16F7-4668-BE54-9A1E7A4F7556}") = "Gsemac.Polyfills", "src\Gsemac.Polyfills\Gsemac.Polyfills.csproj", "{EE1E3377-4158-4B19-8A29-85E1E382FF77}"
EndProject
Project("{9A19103F-16F7-4668-BE54-9A1E7A4F7556}") = "Gsemac.Polyfills.Tests", "tests\Gsemac.Polyfills.Tests\Gsemac.Polyfills.Tests.csproj", "{E7052C69-A9DA-4BC9-BD89-BF84D738EA02}"
EndProject
Global
	GlobalSection(SolutionConfigurationPlatforms) = preSolution
		Debug|Any CPU = Debug|Any CPU
		Release|Any CPU = Release|Any CPU
	EndGlobalSection
	GlobalSection(ProjectConfigurationPlatforms) = postSolution
		{636CC27A-FC0F-4B62-9F5D-E97BEA8D585D}.Debug|Any CPU.ActiveCfg = Debug|Any CPU
		{636CC27A-FC0F-4B62-9F5D-E97BEA8D585D}.Debug|Any CPU.Build.0 = Debug|Any CPU
		{636CC27A-FC0F-4B62-9F5D-E97BEA8D585D}.Release|Any CPU.ActiveCfg = Release|Any CPU
		{636CC27A-FC0F-4B62-9F5D-E97BEA8D585D}.Release|Any CPU.Build.0 = Release|Any CPU
		{CC4291DA-1B50-4E9A-A0EC-41D9441DB887}.Debug|Any CPU.ActiveCfg = Debug|Any CPU
		{CC4291DA-1B50-4E9A-A0EC-41D9441DB887}.Debug|Any CPU.Build.0 = Debug|Any CPU
		{CC4291DA-1B50-4E9A-A0EC-41D9441DB887}.Release|Any CPU.ActiveCfg = Release|Any CPU
		{CC4291DA-1B50-4E9A-A0EC-41D9441DB887}.Release|Any CPU.Build.0 = Release|Any CPU
		{46F3DE15-F452-4EAA-A886-C6BD1CBA7976}.Debug|Any CPU.ActiveCfg = Debug|Any CPU
		{46F3DE15-F452-4EAA-A886-C6BD1CBA7976}.Debug|Any CPU.Build.0 = Debug|Any CPU
		{46F3DE15-F452-4EAA-A886-C6BD1CBA7976}.Release|Any CPU.ActiveCfg = Release|Any CPU
		{46F3DE15-F452-4EAA-A886-C6BD1CBA7976}.Release|Any CPU.Build.0 = Release|Any CPU
		{50EC3802-35C1-476C-8AD6-4C7A6AEA7079}.Debug|Any CPU.ActiveCfg = Debug|Any CPU
		{50EC3802-35C1-476C-8AD6-4C7A6AEA7079}.Debug|Any CPU.Build.0 = Debug|Any CPU
		{50EC3802-35C1-476C-8AD6-4C7A6AEA7079}.Release|Any CPU.ActiveCfg = Release|Any CPU
		{50EC3802-35C1-476C-8AD6-4C7A6AEA7079}.Release|Any CPU.Build.0 = Release|Any CPU
		{E9B26DE4-5B88-40E9-AB7E-43048A965586}.Debug|Any CPU.ActiveCfg = Debug|Any CPU
		{E9B26DE4-5B88-40E9-AB7E-43048A965586}.Debug|Any CPU.Build.0 = Debug|Any CPU
		{E9B26DE4-5B88-40E9-AB7E-43048A965586}.Release|Any CPU.ActiveCfg = Release|Any CPU
		{E9B26DE4-5B88-40E9-AB7E-43048A965586}.Release|Any CPU.Build.0 = Release|Any CPU
		{3CA61328-87FD-446D-9801-307BFB7A5012}.Debug|Any CPU.ActiveCfg = Debug|Any CPU
		{3CA61328-87FD-446D-9801-307BFB7A5012}.Debug|Any CPU.Build.0 = Debug|Any CPU
		{3CA61328-87FD-446D-9801-307BFB7A5012}.Release|Any CPU.ActiveCfg = Release|Any CPU
		{3CA61328-87FD-446D-9801-307BFB7A5012}.Release|Any CPU.Build.0 = Release|Any CPU
		{97A040D8-3023-44B4-B85B-CC351F44BC92}.Debug|Any CPU.ActiveCfg = Debug|Any CPU
		{97A040D8-3023-44B4-B85B-CC351F44BC92}.Debug|Any CPU.Build.0 = Debug|Any CPU
		{97A040D8-3023-44B4-B85B-CC351F44BC92}.Release|Any CPU.ActiveCfg = Release|Any CPU
		{97A040D8-3023-44B4-B85B-CC351F44BC92}.Release|Any CPU.Build.0 = Release|Any CPU
		{8014AEC9-1A1C-403F-9030-CDA5BC921D91}.Debug|Any CPU.ActiveCfg = Debug|Any CPU
		{8014AEC9-1A1C-403F-9030-CDA5BC921D91}.Debug|Any CPU.Build.0 = Debug|Any CPU
		{8014AEC9-1A1C-403F-9030-CDA5BC921D91}.Release|Any CPU.ActiveCfg = Release|Any CPU
		{8014AEC9-1A1C-403F-9030-CDA5BC921D91}.Release|Any CPU.Build.0 = Release|Any CPU
		{45BBC45F-484A-4473-BEB7-1C9651F42119}.Debug|Any CPU.ActiveCfg = Debug|Any CPU
		{45BBC45F-484A-4473-BEB7-1C9651F42119}.Debug|Any CPU.Build.0 = Debug|Any CPU
		{45BBC45F-484A-4473-BEB7-1C9651F42119}.Release|Any CPU.ActiveCfg = Release|Any CPU
		{45BBC45F-484A-4473-BEB7-1C9651F42119}.Release|Any CPU.Build.0 = Release|Any CPU
		{DB17A8E1-9F7A-40F8-8122-88E6EDC49B4D}.Debug|Any CPU.ActiveCfg = Debug|Any CPU
		{DB17A8E1-9F7A-40F8-8122-88E6EDC49B4D}.Debug|Any CPU.Build.0 = Debug|Any CPU
		{DB17A8E1-9F7A-40F8-8122-88E6EDC49B4D}.Release|Any CPU.ActiveCfg = Release|Any CPU
		{DB17A8E1-9F7A-40F8-8122-88E6EDC49B4D}.Release|Any CPU.Build.0 = Release|Any CPU
		{2A0FF2DC-5815-41F1-A9CC-F4C1C7166637}.Debug|Any CPU.ActiveCfg = Debug|Any CPU
		{2A0FF2DC-5815-41F1-A9CC-F4C1C7166637}.Debug|Any CPU.Build.0 = Debug|Any CPU
		{2A0FF2DC-5815-41F1-A9CC-F4C1C7166637}.Release|Any CPU.ActiveCfg = Release|Any CPU
		{2A0FF2DC-5815-41F1-A9CC-F4C1C7166637}.Release|Any CPU.Build.0 = Release|Any CPU
		{D720B6A0-3105-4190-B502-D24EEFE0BB76}.Debug|Any CPU.ActiveCfg = Debug|Any CPU
		{D720B6A0-3105-4190-B502-D24EEFE0BB76}.Debug|Any CPU.Build.0 = Debug|Any CPU
		{D720B6A0-3105-4190-B502-D24EEFE0BB76}.Release|Any CPU.ActiveCfg = Release|Any CPU
		{D720B6A0-3105-4190-B502-D24EEFE0BB76}.Release|Any CPU.Build.0 = Release|Any CPU
		{214407BF-4C1D-4502-96E6-325FF4A42C8D}.Debug|Any CPU.ActiveCfg = Debug|Any CPU
		{214407BF-4C1D-4502-96E6-325FF4A42C8D}.Debug|Any CPU.Build.0 = Debug|Any CPU
		{214407BF-4C1D-4502-96E6-325FF4A42C8D}.Release|Any CPU.ActiveCfg = Release|Any CPU
		{214407BF-4C1D-4502-96E6-325FF4A42C8D}.Release|Any CPU.Build.0 = Release|Any CPU
		{9B9113A6-C103-41BE-89D1-5A8F9CAA0EAD}.Debug|Any CPU.ActiveCfg = Debug|Any CPU
		{9B9113A6-C103-41BE-89D1-5A8F9CAA0EAD}.Debug|Any CPU.Build.0 = Debug|Any CPU
		{9B9113A6-C103-41BE-89D1-5A8F9CAA0EAD}.Release|Any CPU.ActiveCfg = Release|Any CPU
		{9B9113A6-C103-41BE-89D1-5A8F9CAA0EAD}.Release|Any CPU.Build.0 = Release|Any CPU
		{4B82375A-E75C-4273-8299-473BBE6483C9}.Debug|Any CPU.ActiveCfg = Debug|Any CPU
		{4B82375A-E75C-4273-8299-473BBE6483C9}.Debug|Any CPU.Build.0 = Debug|Any CPU
		{4B82375A-E75C-4273-8299-473BBE6483C9}.Release|Any CPU.ActiveCfg = Release|Any CPU
		{4B82375A-E75C-4273-8299-473BBE6483C9}.Release|Any CPU.Build.0 = Release|Any CPU
		{19E8B8A5-0372-4268-82DB-8A85F76121C0}.Debug|Any CPU.ActiveCfg = Debug|Any CPU
		{19E8B8A5-0372-4268-82DB-8A85F76121C0}.Debug|Any CPU.Build.0 = Debug|Any CPU
		{19E8B8A5-0372-4268-82DB-8A85F76121C0}.Release|Any CPU.ActiveCfg = Release|Any CPU
		{19E8B8A5-0372-4268-82DB-8A85F76121C0}.Release|Any CPU.Build.0 = Release|Any CPU
		{FC17F94D-7B7B-4D75-8943-17100BF4E9BA}.Debug|Any CPU.ActiveCfg = Debug|Any CPU
		{FC17F94D-7B7B-4D75-8943-17100BF4E9BA}.Debug|Any CPU.Build.0 = Debug|Any CPU
		{FC17F94D-7B7B-4D75-8943-17100BF4E9BA}.Release|Any CPU.ActiveCfg = Release|Any CPU
		{FC17F94D-7B7B-4D75-8943-17100BF4E9BA}.Release|Any CPU.Build.0 = Release|Any CPU
		{3D16594C-F474-4E13-8D07-AFA7C8179FEC}.Debug|Any CPU.ActiveCfg = Debug|Any CPU
		{3D16594C-F474-4E13-8D07-AFA7C8179FEC}.Debug|Any CPU.Build.0 = Debug|Any CPU
		{3D16594C-F474-4E13-8D07-AFA7C8179FEC}.Release|Any CPU.ActiveCfg = Release|Any CPU
		{3D16594C-F474-4E13-8D07-AFA7C8179FEC}.Release|Any CPU.Build.0 = Release|Any CPU
		{35E35039-9336-4B0E-BDD6-380EEFBC3600}.Debug|Any CPU.ActiveCfg = Debug|Any CPU
		{35E35039-9336-4B0E-BDD6-380EEFBC3600}.Debug|Any CPU.Build.0 = Debug|Any CPU
		{35E35039-9336-4B0E-BDD6-380EEFBC3600}.Release|Any CPU.ActiveCfg = Release|Any CPU
		{35E35039-9336-4B0E-BDD6-380EEFBC3600}.Release|Any CPU.Build.0 = Release|Any CPU
		{EA395B31-78FE-44A0-AD8B-00AAEA028A95}.Debug|Any CPU.ActiveCfg = Debug|Any CPU
		{EA395B31-78FE-44A0-AD8B-00AAEA028A95}.Debug|Any CPU.Build.0 = Debug|Any CPU
		{EA395B31-78FE-44A0-AD8B-00AAEA028A95}.Release|Any CPU.ActiveCfg = Release|Any CPU
		{EA395B31-78FE-44A0-AD8B-00AAEA028A95}.Release|Any CPU.Build.0 = Release|Any CPU
		{70620B11-DB02-438E-AE6D-0D5F2D2449BE}.Debug|Any CPU.ActiveCfg = Debug|Any CPU
		{70620B11-DB02-438E-AE6D-0D5F2D2449BE}.Debug|Any CPU.Build.0 = Debug|Any CPU
		{70620B11-DB02-438E-AE6D-0D5F2D2449BE}.Release|Any CPU.ActiveCfg = Release|Any CPU
		{70620B11-DB02-438E-AE6D-0D5F2D2449BE}.Release|Any CPU.Build.0 = Release|Any CPU
		{3FD1BB15-8F3F-448F-89CB-B65E39EAE4FA}.Debug|Any CPU.ActiveCfg = Debug|Any CPU
		{3FD1BB15-8F3F-448F-89CB-B65E39EAE4FA}.Debug|Any CPU.Build.0 = Debug|Any CPU
		{3FD1BB15-8F3F-448F-89CB-B65E39EAE4FA}.Release|Any CPU.ActiveCfg = Release|Any CPU
		{3FD1BB15-8F3F-448F-89CB-B65E39EAE4FA}.Release|Any CPU.Build.0 = Release|Any CPU
		{72F6D9B7-A0CF-4D20-8CAA-CB89DD9EE47C}.Debug|Any CPU.ActiveCfg = Debug|Any CPU
		{72F6D9B7-A0CF-4D20-8CAA-CB89DD9EE47C}.Debug|Any CPU.Build.0 = Debug|Any CPU
		{72F6D9B7-A0CF-4D20-8CAA-CB89DD9EE47C}.Release|Any CPU.ActiveCfg = Release|Any CPU
		{72F6D9B7-A0CF-4D20-8CAA-CB89DD9EE47C}.Release|Any CPU.Build.0 = Release|Any CPU
		{EE1E3377-4158-4B19-8A29-85E1E382FF77}.Debug|Any CPU.ActiveCfg = Debug|Any CPU
		{EE1E3377-4158-4B19-8A29-85E1E382FF77}.Debug|Any CPU.Build.0 = Debug|Any CPU
		{EE1E3377-4158-4B19-8A29-85E1E382FF77}.Release|Any CPU.ActiveCfg = Release|Any CPU
		{EE1E3377-4158-4B19-8A29-85E1E382FF77}.Release|Any CPU.Build.0 = Release|Any CPU
		{E7052C69-A9DA-4BC9-BD89-BF84D738EA02}.Debug|Any CPU.ActiveCfg = Debug|Any CPU
		{E7052C69-A9DA-4BC9-BD89-BF84D738EA02}.Debug|Any CPU.Build.0 = Debug|Any CPU
		{E7052C69-A9DA-4BC9-BD89-BF84D738EA02}.Release|Any CPU.ActiveCfg = Release|Any CPU
		{E7052C69-A9DA-4BC9-BD89-BF84D738EA02}.Release|Any CPU.Build.0 = Release|Any CPU
	EndGlobalSection
	GlobalSection(SolutionProperties) = preSolution
		HideSolutionNode = FALSE
	EndGlobalSection
	GlobalSection(NestedProjects) = preSolution
		{636CC27A-FC0F-4B62-9F5D-E97BEA8D585D} = {559AE943-A0A6-43B1-ACF0-BE305C5B4FCE}
		{CC4291DA-1B50-4E9A-A0EC-41D9441DB887} = {559AE943-A0A6-43B1-ACF0-BE305C5B4FCE}
		{46F3DE15-F452-4EAA-A886-C6BD1CBA7976} = {559AE943-A0A6-43B1-ACF0-BE305C5B4FCE}
		{50EC3802-35C1-476C-8AD6-4C7A6AEA7079} = {742EDB7B-BAAD-43E2-82B6-2ECAA2D28338}
		{E9B26DE4-5B88-40E9-AB7E-43048A965586} = {559AE943-A0A6-43B1-ACF0-BE305C5B4FCE}
		{3CA61328-87FD-446D-9801-307BFB7A5012} = {559AE943-A0A6-43B1-ACF0-BE305C5B4FCE}
		{97A040D8-3023-44B4-B85B-CC351F44BC92} = {559AE943-A0A6-43B1-ACF0-BE305C5B4FCE}
		{8014AEC9-1A1C-403F-9030-CDA5BC921D91} = {559AE943-A0A6-43B1-ACF0-BE305C5B4FCE}
		{45BBC45F-484A-4473-BEB7-1C9651F42119} = {742EDB7B-BAAD-43E2-82B6-2ECAA2D28338}
		{DB17A8E1-9F7A-40F8-8122-88E6EDC49B4D} = {742EDB7B-BAAD-43E2-82B6-2ECAA2D28338}
		{2A0FF2DC-5815-41F1-A9CC-F4C1C7166637} = {559AE943-A0A6-43B1-ACF0-BE305C5B4FCE}
		{D720B6A0-3105-4190-B502-D24EEFE0BB76} = {742EDB7B-BAAD-43E2-82B6-2ECAA2D28338}
		{214407BF-4C1D-4502-96E6-325FF4A42C8D} = {559AE943-A0A6-43B1-ACF0-BE305C5B4FCE}
		{9B9113A6-C103-41BE-89D1-5A8F9CAA0EAD} = {742EDB7B-BAAD-43E2-82B6-2ECAA2D28338}
		{4B82375A-E75C-4273-8299-473BBE6483C9} = {559AE943-A0A6-43B1-ACF0-BE305C5B4FCE}
		{19E8B8A5-0372-4268-82DB-8A85F76121C0} = {559AE943-A0A6-43B1-ACF0-BE305C5B4FCE}
		{FC17F94D-7B7B-4D75-8943-17100BF4E9BA} = {559AE943-A0A6-43B1-ACF0-BE305C5B4FCE}
		{3D16594C-F474-4E13-8D07-AFA7C8179FEC} = {559AE943-A0A6-43B1-ACF0-BE305C5B4FCE}
		{35E35039-9336-4B0E-BDD6-380EEFBC3600} = {559AE943-A0A6-43B1-ACF0-BE305C5B4FCE}
		{EA395B31-78FE-44A0-AD8B-00AAEA028A95} = {559AE943-A0A6-43B1-ACF0-BE305C5B4FCE}
		{70620B11-DB02-438E-AE6D-0D5F2D2449BE} = {559AE943-A0A6-43B1-ACF0-BE305C5B4FCE}
		{3FD1BB15-8F3F-448F-89CB-B65E39EAE4FA} = {559AE943-A0A6-43B1-ACF0-BE305C5B4FCE}
		{72F6D9B7-A0CF-4D20-8CAA-CB89DD9EE47C} = {559AE943-A0A6-43B1-ACF0-BE305C5B4FCE}
		{EE1E3377-4158-4B19-8A29-85E1E382FF77} = {559AE943-A0A6-43B1-ACF0-BE305C5B4FCE}
		{E7052C69-A9DA-4BC9-BD89-BF84D738EA02} = {742EDB7B-BAAD-43E2-82B6-2ECAA2D28338}
	EndGlobalSection
	GlobalSection(ExtensibilityGlobals) = postSolution
		SolutionGuid = {D040AD76-9C92-4D4E-99AD-45B26C068360}
	EndGlobalSection
EndGlobal
