
Microsoft Visual Studio Solution File, Format Version 12.00
# Visual Studio Version 16
VisualStudioVersion = 16.0.30523.141
MinimumVisualStudioVersion = 10.0.40219.1
Project("{FAE04EC0-301F-11D3-BF4B-00C04F79EFBC}") = "Gsemac.Net.WebBrowsers", "Gsemac.Net.WebBrowsers\Gsemac.Net.WebBrowsers.csproj", "{FF01F4E9-1B44-457F-8D0D-66CA117044E4}"
EndProject
Project("{9A19103F-16F7-4668-BE54-9A1E7A4F7556}") = "Gsemac.Utilities", "Gsemac.Common\Gsemac.Utilities\Gsemac.Utilities.csproj", "{133C1F2F-5764-4B6E-A1E8-AF8F2098FD17}"
EndProject
Project("{2150E333-8FDC-42A3-9474-1A3956D46DE8}") = "submodules", "submodules", "{6FEC17AE-7B40-4074-9D83-0E853749BFAA}"
EndProject
Global
	GlobalSection(SolutionConfigurationPlatforms) = preSolution
		Debug|Any CPU = Debug|Any CPU
		Release|Any CPU = Release|Any CPU
	EndGlobalSection
	GlobalSection(ProjectConfigurationPlatforms) = postSolution
		{FF01F4E9-1B44-457F-8D0D-66CA117044E4}.Debug|Any CPU.ActiveCfg = Debug|Any CPU
		{FF01F4E9-1B44-457F-8D0D-66CA117044E4}.Debug|Any CPU.Build.0 = Debug|Any CPU
		{FF01F4E9-1B44-457F-8D0D-66CA117044E4}.Release|Any CPU.ActiveCfg = Release|Any CPU
		{FF01F4E9-1B44-457F-8D0D-66CA117044E4}.Release|Any CPU.Build.0 = Release|Any CPU
		{133C1F2F-5764-4B6E-A1E8-AF8F2098FD17}.Debug|Any CPU.ActiveCfg = Debug|Any CPU
		{133C1F2F-5764-4B6E-A1E8-AF8F2098FD17}.Debug|Any CPU.Build.0 = Debug|Any CPU
		{133C1F2F-5764-4B6E-A1E8-AF8F2098FD17}.Release|Any CPU.ActiveCfg = Release|Any CPU
		{133C1F2F-5764-4B6E-A1E8-AF8F2098FD17}.Release|Any CPU.Build.0 = Release|Any CPU
	EndGlobalSection
	GlobalSection(SolutionProperties) = preSolution
		HideSolutionNode = FALSE
	EndGlobalSection
	GlobalSection(NestedProjects) = preSolution
		{133C1F2F-5764-4B6E-A1E8-AF8F2098FD17} = {6FEC17AE-7B40-4074-9D83-0E853749BFAA}
	EndGlobalSection
	GlobalSection(ExtensibilityGlobals) = postSolution
		SolutionGuid = {7A54DAF5-8F61-4705-9A05-9D022D9C0D90}
	EndGlobalSection
EndGlobal
