
Microsoft Visual Studio Solution File, Format Version 12.00
# Visual Studio Version 17
VisualStudioVersion = 17.1.32210.238
MinimumVisualStudioVersion = 10.0.40219.1
Project("{9A19103F-16F7-4668-BE54-9A1E7A4F7556}") = "Gsemac.Collections", "src\Gsemac.Collections\Gsemac.Collections.csproj", "{636CC27A-FC0F-4B62-9F5D-E97BEA8D585D}"
EndProject
Project("{9A19103F-16F7-4668-BE54-9A1E7A4F7556}") = "Gsemac.Win32", "src\Gsemac.Win32\Gsemac.Win32.csproj", "{CC4291DA-1B50-4E9A-A0EC-41D9441DB887}"
EndProject
Project("{9A19103F-16F7-4668-BE54-9A1E7A4F7556}") = "Gsemac.Core", "src\Gsemac.Core\Gsemac.Core.csproj", "{46F3DE15-F452-4EAA-A886-C6BD1CBA7976}"
EndProject
Project("{9A19103F-16F7-4668-BE54-9A1E7A4F7556}") = "Gsemac.IO.Tests", "tests\Gsemac.IO.Tests\Gsemac.IO.Tests.csproj", "{50EC3802-35C1-476C-8AD6-4C7A6AEA7079}"
EndProject
Project("{9A19103F-16F7-4668-BE54-9A1E7A4F7556}") = "Gsemac.Forms", "src\Gsemac.Forms\Gsemac.Forms.csproj", "{E9B26DE4-5B88-40E9-AB7E-43048A965586}"
EndProject
Project("{9A19103F-16F7-4668-BE54-9A1E7A4F7556}") = "Gsemac.Net", "src\Gsemac.Net\Gsemac.Net.csproj", "{3CA61328-87FD-446D-9801-307BFB7A5012}"
EndProject
Project("{2150E333-8FDC-42A3-9474-1A3956D46DE8}") = "src", "src", "{559AE943-A0A6-43B1-ACF0-BE305C5B4FCE}"
EndProject
Project("{2150E333-8FDC-42A3-9474-1A3956D46DE8}") = "tests", "tests", "{742EDB7B-BAAD-43E2-82B6-2ECAA2D28338}"
EndProject
Project("{9A19103F-16F7-4668-BE54-9A1E7A4F7556}") = "Gsemac.IO", "src\Gsemac.IO\Gsemac.IO.csproj", "{97A040D8-3023-44B4-B85B-CC351F44BC92}"
EndProject
Project("{9A19103F-16F7-4668-BE54-9A1E7A4F7556}") = "Gsemac.Drawing", "src\Gsemac.Drawing\Gsemac.Drawing.csproj", "{8014AEC9-1A1C-403F-9030-CDA5BC921D91}"
EndProject
Project("{9A19103F-16F7-4668-BE54-9A1E7A4F7556}") = "Gsemac.Core.Tests", "tests\Gsemac.Core.Tests\Gsemac.Core.Tests.csproj", "{45BBC45F-484A-4473-BEB7-1C9651F42119}"
EndProject
Project("{9A19103F-16F7-4668-BE54-9A1E7A4F7556}") = "Gsemac.Collections.Tests", "tests\Gsemac.Collections.Tests\Gsemac.Collections.Tests.csproj", "{DB17A8E1-9F7A-40F8-8122-88E6EDC49B4D}"
EndProject
Project("{9A19103F-16F7-4668-BE54-9A1E7A4F7556}") = "Gsemac.Reflection", "src\Gsemac.Reflection\Gsemac.Reflection.csproj", "{2A0FF2DC-5815-41F1-A9CC-F4C1C7166637}"
EndProject
Project("{9A19103F-16F7-4668-BE54-9A1E7A4F7556}") = "Gsemac.Net.Tests", "tests\Gsemac.Net.Tests\Gsemac.Net.Tests.csproj", "{D720B6A0-3105-4190-B502-D24EEFE0BB76}"
EndProject
Project("{9A19103F-16F7-4668-BE54-9A1E7A4F7556}") = "Gsemac.Text", "src\Gsemac.Text\Gsemac.Text.csproj", "{214407BF-4C1D-4502-96E6-325FF4A42C8D}"
EndProject
Project("{9A19103F-16F7-4668-BE54-9A1E7A4F7556}") = "Gsemac.Text.Tests", "tests\Gsemac.Text.Tests\Gsemac.Text.Tests.csproj", "{9B9113A6-C103-41BE-89D1-5A8F9CAA0EAD}"
EndProject
Project("{9A19103F-16F7-4668-BE54-9A1E7A4F7556}") = "Gsemac.Drawing.Imaging.WebP", "src\Gsemac.Drawing.Imaging.WebP\Gsemac.Drawing.Imaging.WebP.csproj", "{4B82375A-E75C-4273-8299-473BBE6483C9}"
EndProject
Project("{9A19103F-16F7-4668-BE54-9A1E7A4F7556}") = "Gsemac.Drawing.Imaging.ImageMagick", "src\Gsemac.Drawing.Imaging.ImageMagick\Gsemac.Drawing.Imaging.ImageMagick.csproj", "{19E8B8A5-0372-4268-82DB-8A85F76121C0}"
EndProject
Project("{9A19103F-16F7-4668-BE54-9A1E7A4F7556}") = "Gsemac.Drawing.Imaging.NQuant", "src\Gsemac.Drawing.Imaging.NQuant\Gsemac.Drawing.Imaging.NQuant.csproj", "{FC17F94D-7B7B-4D75-8943-17100BF4E9BA}"
EndProject
Project("{9A19103F-16F7-4668-BE54-9A1E7A4F7556}") = "Gsemac.Net.Curl", "src\Gsemac.Net.Curl\Gsemac.Net.Curl.csproj", "{3D16594C-F474-4E13-8D07-AFA7C8179FEC}"
EndProject
Project("{9A19103F-16F7-4668-BE54-9A1E7A4F7556}") = "Gsemac.Net.WebDrivers", "src\Gsemac.Net.WebDrivers\Gsemac.Net.WebDrivers.csproj", "{35E35039-9336-4B0E-BDD6-380EEFBC3600}"
EndProject
Project("{9A19103F-16F7-4668-BE54-9A1E7A4F7556}") = "Gsemac.Net.WebBrowsers", "src\Gsemac.Net.WebBrowsers\Gsemac.Net.WebBrowsers.csproj", "{EA395B31-78FE-44A0-AD8B-00AAEA028A95}"
EndProject
Project("{9A19103F-16F7-4668-BE54-9A1E7A4F7556}") = "Gsemac.IO.Compression", "src\Gsemac.IO.Compression\Gsemac.IO.Compression.csproj", "{70620B11-DB02-438E-AE6D-0D5F2D2449BE}"
EndProject
Project("{9A19103F-16F7-4668-BE54-9A1E7A4F7556}") = "Gsemac.IO.Compression.SharpCompress", "src\Gsemac.IO.Compression.SharpCompress\Gsemac.IO.Compression.SharpCompress.csproj", "{3FD1BB15-8F3F-448F-89CB-B65E39EAE4FA}"
EndProject
Project("{9A19103F-16F7-4668-BE54-9A1E7A4F7556}") = "Gsemac.Net.GitHub", "src\Gsemac.Net.GitHub\Gsemac.Net.GitHub.csproj", "{72F6D9B7-A0CF-4D20-8CAA-CB89DD9EE47C}"
EndProject
Project("{9A19103F-16F7-4668-BE54-9A1E7A4F7556}") = "Gsemac.Polyfills", "src\Gsemac.Polyfills\Gsemac.Polyfills.csproj", "{EE1E3377-4158-4B19-8A29-85E1E382FF77}"
EndProject
Project("{9A19103F-16F7-4668-BE54-9A1E7A4F7556}") = "Gsemac.Polyfills.Tests", "tests\Gsemac.Polyfills.Tests\Gsemac.Polyfills.Tests.csproj", "{E7052C69-A9DA-4BC9-BD89-BF84D738EA02}"
EndProject
Project("{9A19103F-16F7-4668-BE54-9A1E7A4F7556}") = "Gsemac.Reflection.Tests", "tests\Gsemac.Reflection.Tests\Gsemac.Reflection.Tests.csproj", "{5F52E9E6-12FC-4607-AE98-0896818D3742}"
EndProject
Project("{9A19103F-16F7-4668-BE54-9A1E7A4F7556}") = "Gsemac.Text.Ini", "src\Gsemac.Text.Ini\Gsemac.Text.Ini.csproj", "{3DFD4DC3-C058-4D73-BA8B-EC3B5603BB5E}"
EndProject
Project("{9A19103F-16F7-4668-BE54-9A1E7A4F7556}") = "Gsemac.IO.Logging", "src\Gsemac.IO.Logging\Gsemac.IO.Logging.csproj", "{78A83842-EF67-4D41-A202-2FB0E625C5DB}"
EndProject
Project("{9A19103F-16F7-4668-BE54-9A1E7A4F7556}") = "Gsemac.Net.JavaScript", "src\Gsemac.Net.JavaScript\Gsemac.Net.JavaScript.csproj", "{B87D8E0D-2FC5-495C-B11E-EAC16D59FD70}"
EndProject
Project("{9A19103F-16F7-4668-BE54-9A1E7A4F7556}") = "Gsemac.Net.JavaScript.Tests", "tests\Gsemac.Net.JavaScript.Tests\Gsemac.Net.JavaScript.Tests.csproj", "{BD268136-7729-40F7-9995-4F0D9F529C87}"
EndProject
Project("{9A19103F-16F7-4668-BE54-9A1E7A4F7556}") = "Gsemac.UI", "src\Gsemac.UI\Gsemac.UI.csproj", "{565FA9A3-9C28-4021-97B3-3B50E2342FB9}"
EndProject
Project("{9A19103F-16F7-4668-BE54-9A1E7A4F7556}") = "Gsemac.Drawing.Tests", "tests\Gsemac.Drawing.Tests\Gsemac.Drawing.Tests.csproj", "{0E124569-2CC3-47F2-9C6C-2DC004A0E5A5}"
EndProject
Project("{9A19103F-16F7-4668-BE54-9A1E7A4F7556}") = "Gsemac.Drawing.Imaging.ImageMagick.Tests", "tests\Gsemac.Drawing.Imaging.ImageMagick.Tests\Gsemac.Drawing.Imaging.ImageMagick.Tests.csproj", "{95E5DD83-EAB3-4D48-8D3E-89AA8D19466F}"
EndProject
Project("{9A19103F-16F7-4668-BE54-9A1E7A4F7556}") = "Gsemac.Drawing.Imaging.WebP.Tests", "tests\Gsemac.Drawing.Imaging.WebP.Tests\Gsemac.Drawing.Imaging.WebP.Tests.csproj", "{8799D10A-4AD5-4D87-880F-8E37DBE1A6A7}"
EndProject
Project("{9A19103F-16F7-4668-BE54-9A1E7A4F7556}") = "Gsemac.Text.Ini.Tests", "tests\Gsemac.Text.Ini.Tests\Gsemac.Text.Ini.Tests.csproj", "{0525830B-6D76-4650-B8A7-CC654C8FF559}"
EndProject
Project("{9A19103F-16F7-4668-BE54-9A1E7A4F7556}") = "Gsemac.Data", "src\Gsemac.Data\Gsemac.Data.csproj", "{9F86F5BD-E9E5-44FE-9068-F9CFA618A45F}"
EndProject
Project("{9A19103F-16F7-4668-BE54-9A1E7A4F7556}") = "Gsemac.Data.Tests", "tests\Gsemac.Data.Tests\Gsemac.Data.Tests.csproj", "{9679A474-2032-446C-A9A5-04530C30E81F}"
EndProject
Project("{9A19103F-16F7-4668-BE54-9A1E7A4F7556}") = "Gsemac.Text.Json", "src\Gsemac.Text.Json\Gsemac.Text.Json.csproj", "{C8D534D6-006C-4C63-938F-DE3103F69AC6}"
EndProject
Project("{9A19103F-16F7-4668-BE54-9A1E7A4F7556}") = "Gsemac.Text.Json.Tests", "tests\Gsemac.Text.Json.Tests\Gsemac.Text.Json.Tests.csproj", "{84318912-C582-417E-8A45-EE289BC29D16}"
EndProject
Project("{9A19103F-16F7-4668-BE54-9A1E7A4F7556}") = "Gsemac.Net.GitHub.Tests", "tests\Gsemac.Net.GitHub.Tests\Gsemac.Net.GitHub.Tests.csproj", "{EA3C6C1E-934A-4EA2-A24C-161C78FB56D9}"
EndProject
Project("{9A19103F-16F7-4668-BE54-9A1E7A4F7556}") = "Gsemac.Reflection.Plugins.Tests", "tests\Gsemac.Reflection.Plugins.Tests\Gsemac.Reflection.Plugins.Tests.csproj", "{28181A17-CF9D-4457-A0F8-82436AA0E455}"
EndProject
Project("{9A19103F-16F7-4668-BE54-9A1E7A4F7556}") = "Gsemac.Reflection.Plugins", "src\Gsemac.Reflection.Plugins\Gsemac.Reflection.Plugins.csproj", "{8B6F6836-51E1-4CD1-9D4F-32941AF5265F}"
EndProject
Project("{9A19103F-16F7-4668-BE54-9A1E7A4F7556}") = "Gsemac.IO.Compression.Tests", "tests\Gsemac.IO.Compression.Tests\Gsemac.IO.Compression.Tests.csproj", "{C08E21E3-C602-468A-8179-25CB774C6159}"
EndProject
Project("{9A19103F-16F7-4668-BE54-9A1E7A4F7556}") = "ConsoleApp1", "ConsoleApp1\ConsoleApp1.csproj", "{1247C0CE-6D7B-4457-B1F2-949176E558BC}"
EndProject
Project("{9A19103F-16F7-4668-BE54-9A1E7A4F7556}") = "ConsoleApp2", "ConsoleApp2\ConsoleApp2.csproj", "{44AB9D22-952F-4563-9DFF-07EDC5365CFF}"
EndProject
Project("{FAE04EC0-301F-11D3-BF4B-00C04F79EFBC}") = "WindowsFormsApp1", "WindowsFormsApp1\WindowsFormsApp1.csproj", "{37650798-0D0D-4EDF-A4D2-2BF8FB589B3E}"
EndProject
Global
	GlobalSection(SolutionConfigurationPlatforms) = preSolution
		Debug|Any CPU = Debug|Any CPU
		Release|Any CPU = Release|Any CPU
	EndGlobalSection
	GlobalSection(ProjectConfigurationPlatforms) = postSolution
		{636CC27A-FC0F-4B62-9F5D-E97BEA8D585D}.Debug|Any CPU.ActiveCfg = Debug|Any CPU
		{636CC27A-FC0F-4B62-9F5D-E97BEA8D585D}.Debug|Any CPU.Build.0 = Debug|Any CPU
		{636CC27A-FC0F-4B62-9F5D-E97BEA8D585D}.Release|Any CPU.ActiveCfg = Release|Any CPU
		{636CC27A-FC0F-4B62-9F5D-E97BEA8D585D}.Release|Any CPU.Build.0 = Release|Any CPU
		{CC4291DA-1B50-4E9A-A0EC-41D9441DB887}.Debug|Any CPU.ActiveCfg = Debug|Any CPU
		{CC4291DA-1B50-4E9A-A0EC-41D9441DB887}.Debug|Any CPU.Build.0 = Debug|Any CPU
		{CC4291DA-1B50-4E9A-A0EC-41D9441DB887}.Release|Any CPU.ActiveCfg = Release|Any CPU
		{CC4291DA-1B50-4E9A-A0EC-41D9441DB887}.Release|Any CPU.Build.0 = Release|Any CPU
		{46F3DE15-F452-4EAA-A886-C6BD1CBA7976}.Debug|Any CPU.ActiveCfg = Debug|Any CPU
		{46F3DE15-F452-4EAA-A886-C6BD1CBA7976}.Debug|Any CPU.Build.0 = Debug|Any CPU
		{46F3DE15-F452-4EAA-A886-C6BD1CBA7976}.Release|Any CPU.ActiveCfg = Release|Any CPU
		{46F3DE15-F452-4EAA-A886-C6BD1CBA7976}.Release|Any CPU.Build.0 = Release|Any CPU
		{50EC3802-35C1-476C-8AD6-4C7A6AEA7079}.Debug|Any CPU.ActiveCfg = Debug|Any CPU
		{50EC3802-35C1-476C-8AD6-4C7A6AEA7079}.Debug|Any CPU.Build.0 = Debug|Any CPU
		{50EC3802-35C1-476C-8AD6-4C7A6AEA7079}.Release|Any CPU.ActiveCfg = Release|Any CPU
		{50EC3802-35C1-476C-8AD6-4C7A6AEA7079}.Release|Any CPU.Build.0 = Release|Any CPU
		{E9B26DE4-5B88-40E9-AB7E-43048A965586}.Debug|Any CPU.ActiveCfg = Debug|Any CPU
		{E9B26DE4-5B88-40E9-AB7E-43048A965586}.Debug|Any CPU.Build.0 = Debug|Any CPU
		{E9B26DE4-5B88-40E9-AB7E-43048A965586}.Release|Any CPU.ActiveCfg = Release|Any CPU
		{E9B26DE4-5B88-40E9-AB7E-43048A965586}.Release|Any CPU.Build.0 = Release|Any CPU
		{3CA61328-87FD-446D-9801-307BFB7A5012}.Debug|Any CPU.ActiveCfg = Debug|Any CPU
		{3CA61328-87FD-446D-9801-307BFB7A5012}.Debug|Any CPU.Build.0 = Debug|Any CPU
		{3CA61328-87FD-446D-9801-307BFB7A5012}.Release|Any CPU.ActiveCfg = Release|Any CPU
		{3CA61328-87FD-446D-9801-307BFB7A5012}.Release|Any CPU.Build.0 = Release|Any CPU
		{97A040D8-3023-44B4-B85B-CC351F44BC92}.Debug|Any CPU.ActiveCfg = Debug|Any CPU
		{97A040D8-3023-44B4-B85B-CC351F44BC92}.Debug|Any CPU.Build.0 = Debug|Any CPU
		{97A040D8-3023-44B4-B85B-CC351F44BC92}.Release|Any CPU.ActiveCfg = Release|Any CPU
		{97A040D8-3023-44B4-B85B-CC351F44BC92}.Release|Any CPU.Build.0 = Release|Any CPU
		{8014AEC9-1A1C-403F-9030-CDA5BC921D91}.Debug|Any CPU.ActiveCfg = Debug|Any CPU
		{8014AEC9-1A1C-403F-9030-CDA5BC921D91}.Debug|Any CPU.Build.0 = Debug|Any CPU
		{8014AEC9-1A1C-403F-9030-CDA5BC921D91}.Release|Any CPU.ActiveCfg = Release|Any CPU
		{8014AEC9-1A1C-403F-9030-CDA5BC921D91}.Release|Any CPU.Build.0 = Release|Any CPU
		{45BBC45F-484A-4473-BEB7-1C9651F42119}.Debug|Any CPU.ActiveCfg = Debug|Any CPU
		{45BBC45F-484A-4473-BEB7-1C9651F42119}.Debug|Any CPU.Build.0 = Debug|Any CPU
		{45BBC45F-484A-4473-BEB7-1C9651F42119}.Release|Any CPU.ActiveCfg = Release|Any CPU
		{45BBC45F-484A-4473-BEB7-1C9651F42119}.Release|Any CPU.Build.0 = Release|Any CPU
		{DB17A8E1-9F7A-40F8-8122-88E6EDC49B4D}.Debug|Any CPU.ActiveCfg = Debug|Any CPU
		{DB17A8E1-9F7A-40F8-8122-88E6EDC49B4D}.Debug|Any CPU.Build.0 = Debug|Any CPU
		{DB17A8E1-9F7A-40F8-8122-88E6EDC49B4D}.Release|Any CPU.ActiveCfg = Release|Any CPU
		{DB17A8E1-9F7A-40F8-8122-88E6EDC49B4D}.Release|Any CPU.Build.0 = Release|Any CPU
		{2A0FF2DC-5815-41F1-A9CC-F4C1C7166637}.Debug|Any CPU.ActiveCfg = Debug|Any CPU
		{2A0FF2DC-5815-41F1-A9CC-F4C1C7166637}.Debug|Any CPU.Build.0 = Debug|Any CPU
		{2A0FF2DC-5815-41F1-A9CC-F4C1C7166637}.Release|Any CPU.ActiveCfg = Release|Any CPU
		{2A0FF2DC-5815-41F1-A9CC-F4C1C7166637}.Release|Any CPU.Build.0 = Release|Any CPU
		{D720B6A0-3105-4190-B502-D24EEFE0BB76}.Debug|Any CPU.ActiveCfg = Debug|Any CPU
		{D720B6A0-3105-4190-B502-D24EEFE0BB76}.Debug|Any CPU.Build.0 = Debug|Any CPU
		{D720B6A0-3105-4190-B502-D24EEFE0BB76}.Release|Any CPU.ActiveCfg = Release|Any CPU
		{D720B6A0-3105-4190-B502-D24EEFE0BB76}.Release|Any CPU.Build.0 = Release|Any CPU
		{214407BF-4C1D-4502-96E6-325FF4A42C8D}.Debug|Any CPU.ActiveCfg = Debug|Any CPU
		{214407BF-4C1D-4502-96E6-325FF4A42C8D}.Debug|Any CPU.Build.0 = Debug|Any CPU
		{214407BF-4C1D-4502-96E6-325FF4A42C8D}.Release|Any CPU.ActiveCfg = Release|Any CPU
		{214407BF-4C1D-4502-96E6-325FF4A42C8D}.Release|Any CPU.Build.0 = Release|Any CPU
		{9B9113A6-C103-41BE-89D1-5A8F9CAA0EAD}.Debug|Any CPU.ActiveCfg = Debug|Any CPU
		{9B9113A6-C103-41BE-89D1-5A8F9CAA0EAD}.Debug|Any CPU.Build.0 = Debug|Any CPU
		{9B9113A6-C103-41BE-89D1-5A8F9CAA0EAD}.Release|Any CPU.ActiveCfg = Release|Any CPU
		{9B9113A6-C103-41BE-89D1-5A8F9CAA0EAD}.Release|Any CPU.Build.0 = Release|Any CPU
		{4B82375A-E75C-4273-8299-473BBE6483C9}.Debug|Any CPU.ActiveCfg = Debug|Any CPU
		{4B82375A-E75C-4273-8299-473BBE6483C9}.Debug|Any CPU.Build.0 = Debug|Any CPU
		{4B82375A-E75C-4273-8299-473BBE6483C9}.Release|Any CPU.ActiveCfg = Release|Any CPU
		{4B82375A-E75C-4273-8299-473BBE6483C9}.Release|Any CPU.Build.0 = Release|Any CPU
		{19E8B8A5-0372-4268-82DB-8A85F76121C0}.Debug|Any CPU.ActiveCfg = Debug|Any CPU
		{19E8B8A5-0372-4268-82DB-8A85F76121C0}.Debug|Any CPU.Build.0 = Debug|Any CPU
		{19E8B8A5-0372-4268-82DB-8A85F76121C0}.Release|Any CPU.ActiveCfg = Release|Any CPU
		{19E8B8A5-0372-4268-82DB-8A85F76121C0}.Release|Any CPU.Build.0 = Release|Any CPU
		{FC17F94D-7B7B-4D75-8943-17100BF4E9BA}.Debug|Any CPU.ActiveCfg = Debug|Any CPU
		{FC17F94D-7B7B-4D75-8943-17100BF4E9BA}.Debug|Any CPU.Build.0 = Debug|Any CPU
		{FC17F94D-7B7B-4D75-8943-17100BF4E9BA}.Release|Any CPU.ActiveCfg = Release|Any CPU
		{FC17F94D-7B7B-4D75-8943-17100BF4E9BA}.Release|Any CPU.Build.0 = Release|Any CPU
		{3D16594C-F474-4E13-8D07-AFA7C8179FEC}.Debug|Any CPU.ActiveCfg = Debug|Any CPU
		{3D16594C-F474-4E13-8D07-AFA7C8179FEC}.Debug|Any CPU.Build.0 = Debug|Any CPU
		{3D16594C-F474-4E13-8D07-AFA7C8179FEC}.Release|Any CPU.ActiveCfg = Release|Any CPU
		{3D16594C-F474-4E13-8D07-AFA7C8179FEC}.Release|Any CPU.Build.0 = Release|Any CPU
		{35E35039-9336-4B0E-BDD6-380EEFBC3600}.Debug|Any CPU.ActiveCfg = Debug|Any CPU
		{35E35039-9336-4B0E-BDD6-380EEFBC3600}.Debug|Any CPU.Build.0 = Debug|Any CPU
		{35E35039-9336-4B0E-BDD6-380EEFBC3600}.Release|Any CPU.ActiveCfg = Release|Any CPU
		{35E35039-9336-4B0E-BDD6-380EEFBC3600}.Release|Any CPU.Build.0 = Release|Any CPU
		{EA395B31-78FE-44A0-AD8B-00AAEA028A95}.Debug|Any CPU.ActiveCfg = Debug|Any CPU
		{EA395B31-78FE-44A0-AD8B-00AAEA028A95}.Debug|Any CPU.Build.0 = Debug|Any CPU
		{EA395B31-78FE-44A0-AD8B-00AAEA028A95}.Release|Any CPU.ActiveCfg = Release|Any CPU
		{EA395B31-78FE-44A0-AD8B-00AAEA028A95}.Release|Any CPU.Build.0 = Release|Any CPU
		{70620B11-DB02-438E-AE6D-0D5F2D2449BE}.Debug|Any CPU.ActiveCfg = Debug|Any CPU
		{70620B11-DB02-438E-AE6D-0D5F2D2449BE}.Debug|Any CPU.Build.0 = Debug|Any CPU
		{70620B11-DB02-438E-AE6D-0D5F2D2449BE}.Release|Any CPU.ActiveCfg = Release|Any CPU
		{70620B11-DB02-438E-AE6D-0D5F2D2449BE}.Release|Any CPU.Build.0 = Release|Any CPU
		{3FD1BB15-8F3F-448F-89CB-B65E39EAE4FA}.Debug|Any CPU.ActiveCfg = Debug|Any CPU
		{3FD1BB15-8F3F-448F-89CB-B65E39EAE4FA}.Debug|Any CPU.Build.0 = Debug|Any CPU
		{3FD1BB15-8F3F-448F-89CB-B65E39EAE4FA}.Release|Any CPU.ActiveCfg = Release|Any CPU
		{3FD1BB15-8F3F-448F-89CB-B65E39EAE4FA}.Release|Any CPU.Build.0 = Release|Any CPU
		{72F6D9B7-A0CF-4D20-8CAA-CB89DD9EE47C}.Debug|Any CPU.ActiveCfg = Debug|Any CPU
		{72F6D9B7-A0CF-4D20-8CAA-CB89DD9EE47C}.Debug|Any CPU.Build.0 = Debug|Any CPU
		{72F6D9B7-A0CF-4D20-8CAA-CB89DD9EE47C}.Release|Any CPU.ActiveCfg = Release|Any CPU
		{72F6D9B7-A0CF-4D20-8CAA-CB89DD9EE47C}.Release|Any CPU.Build.0 = Release|Any CPU
		{EE1E3377-4158-4B19-8A29-85E1E382FF77}.Debug|Any CPU.ActiveCfg = Debug|Any CPU
		{EE1E3377-4158-4B19-8A29-85E1E382FF77}.Debug|Any CPU.Build.0 = Debug|Any CPU
		{EE1E3377-4158-4B19-8A29-85E1E382FF77}.Release|Any CPU.ActiveCfg = Release|Any CPU
		{EE1E3377-4158-4B19-8A29-85E1E382FF77}.Release|Any CPU.Build.0 = Release|Any CPU
		{E7052C69-A9DA-4BC9-BD89-BF84D738EA02}.Debug|Any CPU.ActiveCfg = Debug|Any CPU
		{E7052C69-A9DA-4BC9-BD89-BF84D738EA02}.Debug|Any CPU.Build.0 = Debug|Any CPU
		{E7052C69-A9DA-4BC9-BD89-BF84D738EA02}.Release|Any CPU.ActiveCfg = Release|Any CPU
		{E7052C69-A9DA-4BC9-BD89-BF84D738EA02}.Release|Any CPU.Build.0 = Release|Any CPU
		{5F52E9E6-12FC-4607-AE98-0896818D3742}.Debug|Any CPU.ActiveCfg = Debug|Any CPU
		{5F52E9E6-12FC-4607-AE98-0896818D3742}.Debug|Any CPU.Build.0 = Debug|Any CPU
		{5F52E9E6-12FC-4607-AE98-0896818D3742}.Release|Any CPU.ActiveCfg = Release|Any CPU
		{5F52E9E6-12FC-4607-AE98-0896818D3742}.Release|Any CPU.Build.0 = Release|Any CPU
		{3DFD4DC3-C058-4D73-BA8B-EC3B5603BB5E}.Debug|Any CPU.ActiveCfg = Debug|Any CPU
		{3DFD4DC3-C058-4D73-BA8B-EC3B5603BB5E}.Debug|Any CPU.Build.0 = Debug|Any CPU
		{3DFD4DC3-C058-4D73-BA8B-EC3B5603BB5E}.Release|Any CPU.ActiveCfg = Release|Any CPU
		{3DFD4DC3-C058-4D73-BA8B-EC3B5603BB5E}.Release|Any CPU.Build.0 = Release|Any CPU
		{78A83842-EF67-4D41-A202-2FB0E625C5DB}.Debug|Any CPU.ActiveCfg = Debug|Any CPU
		{78A83842-EF67-4D41-A202-2FB0E625C5DB}.Debug|Any CPU.Build.0 = Debug|Any CPU
		{78A83842-EF67-4D41-A202-2FB0E625C5DB}.Release|Any CPU.ActiveCfg = Release|Any CPU
		{78A83842-EF67-4D41-A202-2FB0E625C5DB}.Release|Any CPU.Build.0 = Release|Any CPU
		{B87D8E0D-2FC5-495C-B11E-EAC16D59FD70}.Debug|Any CPU.ActiveCfg = Debug|Any CPU
		{B87D8E0D-2FC5-495C-B11E-EAC16D59FD70}.Debug|Any CPU.Build.0 = Debug|Any CPU
		{B87D8E0D-2FC5-495C-B11E-EAC16D59FD70}.Release|Any CPU.ActiveCfg = Release|Any CPU
		{B87D8E0D-2FC5-495C-B11E-EAC16D59FD70}.Release|Any CPU.Build.0 = Release|Any CPU
		{BD268136-7729-40F7-9995-4F0D9F529C87}.Debug|Any CPU.ActiveCfg = Debug|Any CPU
		{BD268136-7729-40F7-9995-4F0D9F529C87}.Debug|Any CPU.Build.0 = Debug|Any CPU
		{BD268136-7729-40F7-9995-4F0D9F529C87}.Release|Any CPU.ActiveCfg = Release|Any CPU
		{BD268136-7729-40F7-9995-4F0D9F529C87}.Release|Any CPU.Build.0 = Release|Any CPU
		{565FA9A3-9C28-4021-97B3-3B50E2342FB9}.Debug|Any CPU.ActiveCfg = Debug|Any CPU
		{565FA9A3-9C28-4021-97B3-3B50E2342FB9}.Debug|Any CPU.Build.0 = Debug|Any CPU
		{565FA9A3-9C28-4021-97B3-3B50E2342FB9}.Release|Any CPU.ActiveCfg = Release|Any CPU
		{565FA9A3-9C28-4021-97B3-3B50E2342FB9}.Release|Any CPU.Build.0 = Release|Any CPU
		{0E124569-2CC3-47F2-9C6C-2DC004A0E5A5}.Debug|Any CPU.ActiveCfg = Debug|Any CPU
		{0E124569-2CC3-47F2-9C6C-2DC004A0E5A5}.Debug|Any CPU.Build.0 = Debug|Any CPU
		{0E124569-2CC3-47F2-9C6C-2DC004A0E5A5}.Release|Any CPU.ActiveCfg = Release|Any CPU
		{0E124569-2CC3-47F2-9C6C-2DC004A0E5A5}.Release|Any CPU.Build.0 = Release|Any CPU
		{95E5DD83-EAB3-4D48-8D3E-89AA8D19466F}.Debug|Any CPU.ActiveCfg = Debug|Any CPU
		{95E5DD83-EAB3-4D48-8D3E-89AA8D19466F}.Debug|Any CPU.Build.0 = Debug|Any CPU
		{95E5DD83-EAB3-4D48-8D3E-89AA8D19466F}.Release|Any CPU.ActiveCfg = Release|Any CPU
		{95E5DD83-EAB3-4D48-8D3E-89AA8D19466F}.Release|Any CPU.Build.0 = Release|Any CPU
		{8799D10A-4AD5-4D87-880F-8E37DBE1A6A7}.Debug|Any CPU.ActiveCfg = Debug|Any CPU
		{8799D10A-4AD5-4D87-880F-8E37DBE1A6A7}.Debug|Any CPU.Build.0 = Debug|Any CPU
		{8799D10A-4AD5-4D87-880F-8E37DBE1A6A7}.Release|Any CPU.ActiveCfg = Release|Any CPU
		{8799D10A-4AD5-4D87-880F-8E37DBE1A6A7}.Release|Any CPU.Build.0 = Release|Any CPU
		{0525830B-6D76-4650-B8A7-CC654C8FF559}.Debug|Any CPU.ActiveCfg = Debug|Any CPU
		{0525830B-6D76-4650-B8A7-CC654C8FF559}.Debug|Any CPU.Build.0 = Debug|Any CPU
		{0525830B-6D76-4650-B8A7-CC654C8FF559}.Release|Any CPU.ActiveCfg = Release|Any CPU
		{0525830B-6D76-4650-B8A7-CC654C8FF559}.Release|Any CPU.Build.0 = Release|Any CPU
		{9F86F5BD-E9E5-44FE-9068-F9CFA618A45F}.Debug|Any CPU.ActiveCfg = Debug|Any CPU
		{9F86F5BD-E9E5-44FE-9068-F9CFA618A45F}.Debug|Any CPU.Build.0 = Debug|Any CPU
		{9F86F5BD-E9E5-44FE-9068-F9CFA618A45F}.Release|Any CPU.ActiveCfg = Release|Any CPU
		{9F86F5BD-E9E5-44FE-9068-F9CFA618A45F}.Release|Any CPU.Build.0 = Release|Any CPU
		{9679A474-2032-446C-A9A5-04530C30E81F}.Debug|Any CPU.ActiveCfg = Debug|Any CPU
		{9679A474-2032-446C-A9A5-04530C30E81F}.Debug|Any CPU.Build.0 = Debug|Any CPU
		{9679A474-2032-446C-A9A5-04530C30E81F}.Release|Any CPU.ActiveCfg = Release|Any CPU
		{9679A474-2032-446C-A9A5-04530C30E81F}.Release|Any CPU.Build.0 = Release|Any CPU
		{C8D534D6-006C-4C63-938F-DE3103F69AC6}.Debug|Any CPU.ActiveCfg = Debug|Any CPU
		{C8D534D6-006C-4C63-938F-DE3103F69AC6}.Debug|Any CPU.Build.0 = Debug|Any CPU
		{C8D534D6-006C-4C63-938F-DE3103F69AC6}.Release|Any CPU.ActiveCfg = Release|Any CPU
		{C8D534D6-006C-4C63-938F-DE3103F69AC6}.Release|Any CPU.Build.0 = Release|Any CPU
		{84318912-C582-417E-8A45-EE289BC29D16}.Debug|Any CPU.ActiveCfg = Debug|Any CPU
		{84318912-C582-417E-8A45-EE289BC29D16}.Debug|Any CPU.Build.0 = Debug|Any CPU
		{84318912-C582-417E-8A45-EE289BC29D16}.Release|Any CPU.ActiveCfg = Release|Any CPU
		{84318912-C582-417E-8A45-EE289BC29D16}.Release|Any CPU.Build.0 = Release|Any CPU
		{EA3C6C1E-934A-4EA2-A24C-161C78FB56D9}.Debug|Any CPU.ActiveCfg = Debug|Any CPU
		{EA3C6C1E-934A-4EA2-A24C-161C78FB56D9}.Debug|Any CPU.Build.0 = Debug|Any CPU
		{EA3C6C1E-934A-4EA2-A24C-161C78FB56D9}.Release|Any CPU.ActiveCfg = Release|Any CPU
		{EA3C6C1E-934A-4EA2-A24C-161C78FB56D9}.Release|Any CPU.Build.0 = Release|Any CPU
		{28181A17-CF9D-4457-A0F8-82436AA0E455}.Debug|Any CPU.ActiveCfg = Debug|Any CPU
		{28181A17-CF9D-4457-A0F8-82436AA0E455}.Debug|Any CPU.Build.0 = Debug|Any CPU
		{28181A17-CF9D-4457-A0F8-82436AA0E455}.Release|Any CPU.ActiveCfg = Release|Any CPU
		{28181A17-CF9D-4457-A0F8-82436AA0E455}.Release|Any CPU.Build.0 = Release|Any CPU
		{8B6F6836-51E1-4CD1-9D4F-32941AF5265F}.Debug|Any CPU.ActiveCfg = Debug|Any CPU
		{8B6F6836-51E1-4CD1-9D4F-32941AF5265F}.Debug|Any CPU.Build.0 = Debug|Any CPU
		{8B6F6836-51E1-4CD1-9D4F-32941AF5265F}.Release|Any CPU.ActiveCfg = Release|Any CPU
		{8B6F6836-51E1-4CD1-9D4F-32941AF5265F}.Release|Any CPU.Build.0 = Release|Any CPU
		{C08E21E3-C602-468A-8179-25CB774C6159}.Debug|Any CPU.ActiveCfg = Debug|Any CPU
		{C08E21E3-C602-468A-8179-25CB774C6159}.Debug|Any CPU.Build.0 = Debug|Any CPU
		{C08E21E3-C602-468A-8179-25CB774C6159}.Release|Any CPU.ActiveCfg = Release|Any CPU
		{C08E21E3-C602-468A-8179-25CB774C6159}.Release|Any CPU.Build.0 = Release|Any CPU
		{1247C0CE-6D7B-4457-B1F2-949176E558BC}.Debug|Any CPU.ActiveCfg = Debug|Any CPU
		{1247C0CE-6D7B-4457-B1F2-949176E558BC}.Debug|Any CPU.Build.0 = Debug|Any CPU
		{1247C0CE-6D7B-4457-B1F2-949176E558BC}.Release|Any CPU.ActiveCfg = Release|Any CPU
		{1247C0CE-6D7B-4457-B1F2-949176E558BC}.Release|Any CPU.Build.0 = Release|Any CPU
		{44AB9D22-952F-4563-9DFF-07EDC5365CFF}.Debug|Any CPU.ActiveCfg = Debug|Any CPU
		{44AB9D22-952F-4563-9DFF-07EDC5365CFF}.Debug|Any CPU.Build.0 = Debug|Any CPU
		{44AB9D22-952F-4563-9DFF-07EDC5365CFF}.Release|Any CPU.ActiveCfg = Release|Any CPU
		{44AB9D22-952F-4563-9DFF-07EDC5365CFF}.Release|Any CPU.Build.0 = Release|Any CPU
		{37650798-0D0D-4EDF-A4D2-2BF8FB589B3E}.Debug|Any CPU.ActiveCfg = Debug|Any CPU
		{37650798-0D0D-4EDF-A4D2-2BF8FB589B3E}.Debug|Any CPU.Build.0 = Debug|Any CPU
		{37650798-0D0D-4EDF-A4D2-2BF8FB589B3E}.Release|Any CPU.ActiveCfg = Release|Any CPU
		{37650798-0D0D-4EDF-A4D2-2BF8FB589B3E}.Release|Any CPU.Build.0 = Release|Any CPU
	EndGlobalSection
	GlobalSection(SolutionProperties) = preSolution
		HideSolutionNode = FALSE
	EndGlobalSection
	GlobalSection(NestedProjects) = preSolution
		{636CC27A-FC0F-4B62-9F5D-E97BEA8D585D} = {559AE943-A0A6-43B1-ACF0-BE305C5B4FCE}
		{CC4291DA-1B50-4E9A-A0EC-41D9441DB887} = {559AE943-A0A6-43B1-ACF0-BE305C5B4FCE}
		{46F3DE15-F452-4EAA-A886-C6BD1CBA7976} = {559AE943-A0A6-43B1-ACF0-BE305C5B4FCE}
		{50EC3802-35C1-476C-8AD6-4C7A6AEA7079} = {742EDB7B-BAAD-43E2-82B6-2ECAA2D28338}
		{E9B26DE4-5B88-40E9-AB7E-43048A965586} = {559AE943-A0A6-43B1-ACF0-BE305C5B4FCE}
		{3CA61328-87FD-446D-9801-307BFB7A5012} = {559AE943-A0A6-43B1-ACF0-BE305C5B4FCE}
		{97A040D8-3023-44B4-B85B-CC351F44BC92} = {559AE943-A0A6-43B1-ACF0-BE305C5B4FCE}
		{8014AEC9-1A1C-403F-9030-CDA5BC921D91} = {559AE943-A0A6-43B1-ACF0-BE305C5B4FCE}
		{45BBC45F-484A-4473-BEB7-1C9651F42119} = {742EDB7B-BAAD-43E2-82B6-2ECAA2D28338}
		{DB17A8E1-9F7A-40F8-8122-88E6EDC49B4D} = {742EDB7B-BAAD-43E2-82B6-2ECAA2D28338}
		{2A0FF2DC-5815-41F1-A9CC-F4C1C7166637} = {559AE943-A0A6-43B1-ACF0-BE305C5B4FCE}
		{D720B6A0-3105-4190-B502-D24EEFE0BB76} = {742EDB7B-BAAD-43E2-82B6-2ECAA2D28338}
		{214407BF-4C1D-4502-96E6-325FF4A42C8D} = {559AE943-A0A6-43B1-ACF0-BE305C5B4FCE}
		{9B9113A6-C103-41BE-89D1-5A8F9CAA0EAD} = {742EDB7B-BAAD-43E2-82B6-2ECAA2D28338}
		{4B82375A-E75C-4273-8299-473BBE6483C9} = {559AE943-A0A6-43B1-ACF0-BE305C5B4FCE}
		{19E8B8A5-0372-4268-82DB-8A85F76121C0} = {559AE943-A0A6-43B1-ACF0-BE305C5B4FCE}
		{FC17F94D-7B7B-4D75-8943-17100BF4E9BA} = {559AE943-A0A6-43B1-ACF0-BE305C5B4FCE}
		{3D16594C-F474-4E13-8D07-AFA7C8179FEC} = {559AE943-A0A6-43B1-ACF0-BE305C5B4FCE}
		{35E35039-9336-4B0E-BDD6-380EEFBC3600} = {559AE943-A0A6-43B1-ACF0-BE305C5B4FCE}
		{EA395B31-78FE-44A0-AD8B-00AAEA028A95} = {559AE943-A0A6-43B1-ACF0-BE305C5B4FCE}
		{70620B11-DB02-438E-AE6D-0D5F2D2449BE} = {559AE943-A0A6-43B1-ACF0-BE305C5B4FCE}
		{3FD1BB15-8F3F-448F-89CB-B65E39EAE4FA} = {559AE943-A0A6-43B1-ACF0-BE305C5B4FCE}
		{72F6D9B7-A0CF-4D20-8CAA-CB89DD9EE47C} = {559AE943-A0A6-43B1-ACF0-BE305C5B4FCE}
		{EE1E3377-4158-4B19-8A29-85E1E382FF77} = {559AE943-A0A6-43B1-ACF0-BE305C5B4FCE}
		{E7052C69-A9DA-4BC9-BD89-BF84D738EA02} = {742EDB7B-BAAD-43E2-82B6-2ECAA2D28338}
		{5F52E9E6-12FC-4607-AE98-0896818D3742} = {742EDB7B-BAAD-43E2-82B6-2ECAA2D28338}
		{3DFD4DC3-C058-4D73-BA8B-EC3B5603BB5E} = {559AE943-A0A6-43B1-ACF0-BE305C5B4FCE}
		{78A83842-EF67-4D41-A202-2FB0E625C5DB} = {559AE943-A0A6-43B1-ACF0-BE305C5B4FCE}
		{B87D8E0D-2FC5-495C-B11E-EAC16D59FD70} = {559AE943-A0A6-43B1-ACF0-BE305C5B4FCE}
		{BD268136-7729-40F7-9995-4F0D9F529C87} = {742EDB7B-BAAD-43E2-82B6-2ECAA2D28338}
		{565FA9A3-9C28-4021-97B3-3B50E2342FB9} = {559AE943-A0A6-43B1-ACF0-BE305C5B4FCE}
		{0E124569-2CC3-47F2-9C6C-2DC004A0E5A5} = {742EDB7B-BAAD-43E2-82B6-2ECAA2D28338}
		{95E5DD83-EAB3-4D48-8D3E-89AA8D19466F} = {742EDB7B-BAAD-43E2-82B6-2ECAA2D28338}
		{8799D10A-4AD5-4D87-880F-8E37DBE1A6A7} = {742EDB7B-BAAD-43E2-82B6-2ECAA2D28338}
		{0525830B-6D76-4650-B8A7-CC654C8FF559} = {742EDB7B-BAAD-43E2-82B6-2ECAA2D28338}
		{9F86F5BD-E9E5-44FE-9068-F9CFA618A45F} = {559AE943-A0A6-43B1-ACF0-BE305C5B4FCE}
		{9679A474-2032-446C-A9A5-04530C30E81F} = {742EDB7B-BAAD-43E2-82B6-2ECAA2D28338}
		{C8D534D6-006C-4C63-938F-DE3103F69AC6} = {559AE943-A0A6-43B1-ACF0-BE305C5B4FCE}
		{84318912-C582-417E-8A45-EE289BC29D16} = {742EDB7B-BAAD-43E2-82B6-2ECAA2D28338}
		{EA3C6C1E-934A-4EA2-A24C-161C78FB56D9} = {742EDB7B-BAAD-43E2-82B6-2ECAA2D28338}
		{28181A17-CF9D-4457-A0F8-82436AA0E455} = {742EDB7B-BAAD-43E2-82B6-2ECAA2D28338}
		{8B6F6836-51E1-4CD1-9D4F-32941AF5265F} = {559AE943-A0A6-43B1-ACF0-BE305C5B4FCE}
		{C08E21E3-C602-468A-8179-25CB774C6159} = {742EDB7B-BAAD-43E2-82B6-2ECAA2D28338}
		{1247C0CE-6D7B-4457-B1F2-949176E558BC} = {559AE943-A0A6-43B1-ACF0-BE305C5B4FCE}
		{44AB9D22-952F-4563-9DFF-07EDC5365CFF} = {559AE943-A0A6-43B1-ACF0-BE305C5B4FCE}
		{37650798-0D0D-4EDF-A4D2-2BF8FB589B3E} = {559AE943-A0A6-43B1-ACF0-BE305C5B4FCE}
	EndGlobalSection
	GlobalSection(ExtensibilityGlobals) = postSolution
		SolutionGuid = {D040AD76-9C92-4D4E-99AD-45B26C068360}
	EndGlobalSection
EndGlobal
